
Microsoft Visual Studio Solution File, Format Version 12.00
# Visual Studio Version 18
VisualStudioVersion = 18.9.12105.275 stable
MinimumVisualStudioVersion = 10.0.40219.1
Project("{FAE04EC0-301F-11D3-BF4B-00C04F79EFBC}") = "PRN222_Group2_Assignment1", "PRN222_Group2_Assignment1\PRN222_Group2_Assignment1.csproj", "{BCFA49AB-5299-405D-97E2-71583236FD4C}"
EndProject
Project("{FAE04EC0-301F-11D3-BF4B-00C04F79EFBC}") = "DAL", "DAL\DAL.csproj", "{DA064A85-078A-4F2E-83AC-BF66623814B4}"
EndProject
Project("{FAE04EC0-301F-11D3-BF4B-00C04F79EFBC}") = "BLL", "BLL\BLL.csproj", "{CD9ECA9F-FCC4-42DA-953F-84CE20562785}"
EndProject
Global
	GlobalSection(SolutionConfigurationPlatforms) = preSolution
		Debug|Any CPU = Debug|Any CPU
		Release|Any CPU = Release|Any CPU
	EndGlobalSection
	GlobalSection(ProjectConfigurationPlatforms) = postSolution
		{BCFA49AB-5299-405D-97E2-71583236FD4C}.Debug|Any CPU.ActiveCfg = Debug|Any CPU
		{BCFA49AB-5299-405D-97E2-71583236FD4C}.Debug|Any CPU.Build.0 = Debug|Any CPU
		{BCFA49AB-5299-405D-97E2-71583236FD4C}.Release|Any CPU.ActiveCfg = Release|Any CPU
		{BCFA49AB-5299-405D-97E2-71583236FD4C}.Release|Any CPU.Build.0 = Release|Any CPU
		{DA064A85-078A-4F2E-83AC-BF66623814B4}.Debug|Any CPU.ActiveCfg = Debug|Any CPU
		{DA064A85-078A-4F2E-83AC-BF66623814B4}.Debug|Any CPU.Build.0 = Debug|Any CPU
		{DA064A85-078A-4F2E-83AC-BF66623814B4}.Release|Any CPU.ActiveCfg = Release|Any CPU
		{DA064A85-078A-4F2E-83AC-BF66623814B4}.Release|Any CPU.Build.0 = Release|Any CPU
		{CD9ECA9F-FCC4-42DA-953F-84CE20562785}.Debug|Any CPU.ActiveCfg = Debug|Any CPU
		{CD9ECA9F-FCC4-42DA-953F-84CE20562785}.Debug|Any CPU.Build.0 = Debug|Any CPU
		{CD9ECA9F-FCC4-42DA-953F-84CE20562785}.Release|Any CPU.ActiveCfg = Release|Any CPU
		{CD9ECA9F-FCC4-42DA-953F-84CE20562785}.Release|Any CPU.Build.0 = Release|Any CPU
	EndGlobalSection
	GlobalSection(SolutionProperties) = preSolution
		HideSolutionNode = FALSE
	EndGlobalSection
	GlobalSection(ExtensibilityGlobals) = postSolution
		SolutionGuid = {472B65F3-482C-4C62-9A38-C0AA68F3C743}
	EndGlobalSection
EndGlobal
